{
  "pins" : [
    {
      "identity" : "alamofire",
      "kind" : "remoteSourceControl",
      "location" : "https://github.com/Alamofire/Alamofire.git",
      "state" : {
        "branch" : "master",
        "revision" : "51a2d5077567b257ac1f227b6883c4ff1d7a491d"
      }
    }
  ],
  "version" : 2
}
